
Microsoft Visual Studio Solution File, Format Version 12.00
# Visual Studio Version 16
VisualStudioVersion = 16.0.31205.134
MinimumVisualStudioVersion = 10.0.40219.1
Project("{FAE04EC0-301F-11D3-BF4B-00C04F79EFBC}") = "Stenografi_Lena_LSB_B3", "Stenografi_Lena_LSB_B3\Stenografi_Lena_LSB_B3.csproj", "{E594D591-964D-4858-A370-EFCEC85F6F04}"
EndProject
Global
	GlobalSection(SolutionConfigurationPlatforms) = preSolution
		Debug|Any CPU = Debug|Any CPU
		Release|Any CPU = Release|Any CPU
	EndGlobalSection
	GlobalSection(ProjectConfigurationPlatforms) = postSolution
		{E594D591-964D-4858-A370-EFCEC85F6F04}.Debug|Any CPU.ActiveCfg = Debug|Any CPU
		{E594D591-964D-4858-A370-EFCEC85F6F04}.Debug|Any CPU.Build.0 = Debug|Any CPU
		{E594D591-964D-4858-A370-EFCEC85F6F04}.Release|Any CPU.ActiveCfg = Release|Any CPU
		{E594D591-964D-4858-A370-EFCEC85F6F04}.Release|Any CPU.Build.0 = Release|Any CPU
	EndGlobalSection
	GlobalSection(SolutionProperties) = preSolution
		HideSolutionNode = FALSE
	EndGlobalSection
	GlobalSection(ExtensibilityGlobals) = postSolution
		SolutionGuid = {E061CDDC-5BA2-46D0-A35B-9F2FF28D7397}
	EndGlobalSection
EndGlobal
